
Microsoft Visual Studio Solution File, Format Version 12.00
# Visual Studio Version 17
VisualStudioVersion = 17.5.002.0
MinimumVisualStudioVersion = 10.0.40219.1
Project("{9A19103F-16F7-4668-BE54-9A1E7A4F7556}") = "CC31N-TeamName", "CC31N-TeamName.csproj", "{90CC875D-2C9B-471B-80FE-BAE76F11F876}"
EndProject
Project("{9A19103F-16F7-4668-BE54-9A1E7A4F7556}") = "Engine", "..\Engine\Engine.csproj", "{8516112F-53B5-4794-8069-0EC516B395DD}"
EndProject
Global
	GlobalSection(SolutionConfigurationPlatforms) = preSolution
		Debug|Any CPU = Debug|Any CPU
		Release|Any CPU = Release|Any CPU
	EndGlobalSection
	GlobalSection(ProjectConfigurationPlatforms) = postSolution
		{90CC875D-2C9B-471B-80FE-BAE76F11F876}.Debug|Any CPU.ActiveCfg = Debug|Any CPU
		{90CC875D-2C9B-471B-80FE-BAE76F11F876}.Debug|Any CPU.Build.0 = Debug|Any CPU
		{90CC875D-2C9B-471B-80FE-BAE76F11F876}.Release|Any CPU.ActiveCfg = Release|Any CPU
		{90CC875D-2C9B-471B-80FE-BAE76F11F876}.Release|Any CPU.Build.0 = Release|Any CPU
		{8516112F-53B5-4794-8069-0EC516B395DD}.Debug|Any CPU.ActiveCfg = Debug|Any CPU
		{8516112F-53B5-4794-8069-0EC516B395DD}.Debug|Any CPU.Build.0 = Debug|Any CPU
		{8516112F-53B5-4794-8069-0EC516B395DD}.Release|Any CPU.ActiveCfg = Release|Any CPU
		{8516112F-53B5-4794-8069-0EC516B395DD}.Release|Any CPU.Build.0 = Release|Any CPU
	EndGlobalSection
	GlobalSection(SolutionProperties) = preSolution
		HideSolutionNode = FALSE
	EndGlobalSection
	GlobalSection(ExtensibilityGlobals) = postSolution
		SolutionGuid = {10D72963-C06D-4BE1-A555-B50163433CE8}
	EndGlobalSection
EndGlobal
